
Microsoft Visual Studio Solution File, Format Version 12.00
# Visual Studio Version 16
VisualStudioVersion = 16.0.30204.135
MinimumVisualStudioVersion = 10.0.40219.1
Project("{888888A0-9F3D-457C-B088-3A5042F75D52}") = "Ejercicio 13", "Ejercicio 13\Ejercicio 13.pyproj", "{7F9B9854-A31D-4B9A-8822-E6BBCF93EAC7}"
EndProject
Global
	GlobalSection(SolutionConfigurationPlatforms) = preSolution
		Debug|Any CPU = Debug|Any CPU
		Release|Any CPU = Release|Any CPU
	EndGlobalSection
	GlobalSection(ProjectConfigurationPlatforms) = postSolution
		{7F9B9854-A31D-4B9A-8822-E6BBCF93EAC7}.Debug|Any CPU.ActiveCfg = Debug|Any CPU
		{7F9B9854-A31D-4B9A-8822-E6BBCF93EAC7}.Release|Any CPU.ActiveCfg = Release|Any CPU
	EndGlobalSection
	GlobalSection(SolutionProperties) = preSolution
		HideSolutionNode = FALSE
	EndGlobalSection
	GlobalSection(ExtensibilityGlobals) = postSolution
		SolutionGuid = {5FC5925A-8C08-4BB8-901B-2E7DB08459B0}
	EndGlobalSection
EndGlobal
