
Microsoft Visual Studio Solution File, Format Version 12.00
# Visual Studio Version 16
VisualStudioVersion = 16.0.30204.135
MinimumVisualStudioVersion = 10.0.40219.1
Project("{888888A0-9F3D-457C-B088-3A5042F75D52}") = "Ejercicio 4", "Ejercicio 4.pyproj", "{AD38D7EB-B629-4F65-BBEB-20E213505519}"
EndProject
Global
	GlobalSection(SolutionConfigurationPlatforms) = preSolution
		Debug|Any CPU = Debug|Any CPU
		Release|Any CPU = Release|Any CPU
	EndGlobalSection
	GlobalSection(ProjectConfigurationPlatforms) = postSolution
		{AD38D7EB-B629-4F65-BBEB-20E213505519}.Debug|Any CPU.ActiveCfg = Debug|Any CPU
		{AD38D7EB-B629-4F65-BBEB-20E213505519}.Release|Any CPU.ActiveCfg = Release|Any CPU
	EndGlobalSection
	GlobalSection(SolutionProperties) = preSolution
		HideSolutionNode = FALSE
	EndGlobalSection
	GlobalSection(ExtensibilityGlobals) = postSolution
		SolutionGuid = {8BCF6628-301C-4D97-B67D-14659B406ACF}
	EndGlobalSection
EndGlobal
