
Microsoft Visual Studio Solution File, Format Version 12.00
# Visual Studio Version 16
VisualStudioVersion = 16.0.30204.135
MinimumVisualStudioVersion = 10.0.40219.1
Project("{888888A0-9F3D-457C-B088-3A5042F75D52}") = "Ejercicios Listas y Tuplas", "Ejercicios Listas y Tuplas\Ejercicios Listas y Tuplas.pyproj", "{A2C6685B-726C-47FF-A5D1-946FF6435CA0}"
EndProject
Global
	GlobalSection(SolutionConfigurationPlatforms) = preSolution
		Debug|Any CPU = Debug|Any CPU
		Release|Any CPU = Release|Any CPU
	EndGlobalSection
	GlobalSection(ProjectConfigurationPlatforms) = postSolution
		{A2C6685B-726C-47FF-A5D1-946FF6435CA0}.Debug|Any CPU.ActiveCfg = Debug|Any CPU
		{A2C6685B-726C-47FF-A5D1-946FF6435CA0}.Release|Any CPU.ActiveCfg = Release|Any CPU
	EndGlobalSection
	GlobalSection(SolutionProperties) = preSolution
		HideSolutionNode = FALSE
	EndGlobalSection
	GlobalSection(ExtensibilityGlobals) = postSolution
		SolutionGuid = {78EB1A21-4EF2-4E55-9A51-EBE124816815}
	EndGlobalSection
EndGlobal
