
Microsoft Visual Studio Solution File, Format Version 12.00
# Visual Studio Version 16
VisualStudioVersion = 16.0.30204.135
MinimumVisualStudioVersion = 10.0.40219.1
Project("{888888A0-9F3D-457C-B088-3A5042F75D52}") = "Tabla de Mutiplicar", "Tabla de Mutiplicar\Tabla de Mutiplicar.pyproj", "{34982B6E-E323-4A1A-98DF-FB7FE80D305D}"
EndProject
Global
	GlobalSection(SolutionConfigurationPlatforms) = preSolution
		Debug|Any CPU = Debug|Any CPU
		Release|Any CPU = Release|Any CPU
	EndGlobalSection
	GlobalSection(ProjectConfigurationPlatforms) = postSolution
		{34982B6E-E323-4A1A-98DF-FB7FE80D305D}.Debug|Any CPU.ActiveCfg = Debug|Any CPU
		{34982B6E-E323-4A1A-98DF-FB7FE80D305D}.Release|Any CPU.ActiveCfg = Release|Any CPU
	EndGlobalSection
	GlobalSection(SolutionProperties) = preSolution
		HideSolutionNode = FALSE
	EndGlobalSection
	GlobalSection(ExtensibilityGlobals) = postSolution
		SolutionGuid = {0EC2BBB0-E190-42C8-A29A-D4E3EAC0C474}
	EndGlobalSection
EndGlobal
