
Microsoft Visual Studio Solution File, Format Version 12.00
# Visual Studio Version 16
VisualStudioVersion = 16.0.30309.148
MinimumVisualStudioVersion = 10.0.40219.1
Project("{888888A0-9F3D-457C-B088-3A5042F75D52}") = "Funciones", "Funciones\Funciones.pyproj", "{E6E789AA-5B44-4150-948B-10D08951FC8C}"
EndProject
Global
	GlobalSection(SolutionConfigurationPlatforms) = preSolution
		Debug|Any CPU = Debug|Any CPU
		Release|Any CPU = Release|Any CPU
	EndGlobalSection
	GlobalSection(ProjectConfigurationPlatforms) = postSolution
		{E6E789AA-5B44-4150-948B-10D08951FC8C}.Debug|Any CPU.ActiveCfg = Debug|Any CPU
		{E6E789AA-5B44-4150-948B-10D08951FC8C}.Release|Any CPU.ActiveCfg = Release|Any CPU
	EndGlobalSection
	GlobalSection(SolutionProperties) = preSolution
		HideSolutionNode = FALSE
	EndGlobalSection
	GlobalSection(ExtensibilityGlobals) = postSolution
		SolutionGuid = {FA868395-D51D-4A34-9AED-162684405E5B}
	EndGlobalSection
EndGlobal
